// !$*UTF8*$!
{
	archiveVersion = 1;
	classes = {
	};
	objectVersion = 50;
	objects = {

/* Begin PBXBuildFile section */
		B71E7EBB26441DA70040658E /* TransmissionXApp.swift in Sources */ = {isa = PBXBuildFile; fileRef = B71E7EBA26441DA70040658E /* TransmissionXApp.swift */; };
		B71E7EBD26441DA70040658E /* ContentView.swift in Sources */ = {isa = PBXBuildFile; fileRef = B71E7EBC26441DA70040658E /* ContentView.swift */; };
		B71E7EBF26441DAB0040658E /* Assets.xcassets in Resources */ = {isa = PBXBuildFile; fileRef = B71E7EBE26441DAB0040658E /* Assets.xcassets */; };
		B71E7EC226441DAB0040658E /* Preview Assets.xcassets in Resources */ = {isa = PBXBuildFile; fileRef = B71E7EC126441DAB0040658E /* Preview Assets.xcassets */; };
		B71E7ECC26441F130040658E /* DownloadManager.swift in Sources */ = {isa = PBXBuildFile; fileRef = B71E7ECB26441F130040658E /* DownloadManager.swift */; };
		B763392C26450C3F005ED52E /* Helpers.swift in Sources */ = {isa = PBXBuildFile; fileRef = B763392B26450C3F005ED52E /* Helpers.swift */; };
/* End PBXBuildFile section */

/* Begin PBXFileReference section */
		B71E7EB726441DA70040658E /* TransmissionX.app */ = {isa = PBXFileReference; explicitFileType = wrapper.application; includeInIndex = 0; path = TransmissionX.app; sourceTree = BUILT_PRODUCTS_DIR; };
		B71E7EBA26441DA70040658E /* TransmissionXApp.swift */ = {isa = PBXFileReference; lastKnownFileType = sourcecode.swift; path = TransmissionXApp.swift; sourceTree = "<group>"; };
		B71E7EBC26441DA70040658E /* ContentView.swift */ = {isa = PBXFileReference; lastKnownFileType = sourcecode.swift; path = ContentView.swift; sourceTree = "<group>"; };
		B71E7EBE26441DAB0040658E /* Assets.xcassets */ = {isa = PBXFileReference; lastKnownFileType = folder.assetcatalog; path = Assets.xcassets; sourceTree = "<group>"; };
		B71E7EC126441DAB0040658E /* Preview Assets.xcassets */ = {isa = PBXFileReference; lastKnownFileType = folder.assetcatalog; path = "Preview Assets.xcassets"; sourceTree = "<group>"; };
		B71E7EC326441DAB0040658E /* Info.plist */ = {isa = PBXFileReference; lastKnownFileType = text.plist.xml; path = Info.plist; sourceTree = "<group>"; };
		B71E7EC426441DAB0040658E /* TransmissionX.entitlements */ = {isa = PBXFileReference; lastKnownFileType = text.plist.entitlements; path = TransmissionX.entitlements; sourceTree = "<group>"; };
		B71E7ECB26441F130040658E /* DownloadManager.swift */ = {isa = PBXFileReference; lastKnownFileType = sourcecode.swift; path = DownloadManager.swift; sourceTree = "<group>"; };
		B763392B26450C3F005ED52E /* Helpers.swift */ = {isa = PBXFileReference; lastKnownFileType = sourcecode.swift; path = Helpers.swift; sourceTree = "<group>"; };
/* End PBXFileReference section */

/* Begin PBXFrameworksBuildPhase section */
		B71E7EB426441DA70040658E /* Frameworks */ = {
			isa = PBXFrameworksBuildPhase;
			buildActionMask = 2147483647;
			files = (
			);
			runOnlyForDeploymentPostprocessing = 0;
		};
/* End PBXFrameworksBuildPhase section */

/* Begin PBXGroup section */
		B71E7EAE26441DA70040658E = {
			isa = PBXGroup;
			children = (
				B71E7EB926441DA70040658E /* TransmissionX */,
				B71E7EB826441DA70040658E /* Products */,
			);
			sourceTree = "<group>";
		};
		B71E7EB826441DA70040658E /* Products */ = {
			isa = PBXGroup;
			children = (
				B71E7EB726441DA70040658E /* TransmissionX.app */,
			);
			name = Products;
			sourceTree = "<group>";
		};
		B71E7EB926441DA70040658E /* TransmissionX */ = {
			isa = PBXGroup;
			children = (
				B71E7EBA26441DA70040658E /* TransmissionXApp.swift */,
				B71E7EBC26441DA70040658E /* ContentView.swift */,
				B71E7EBE26441DAB0040658E /* Assets.xcassets */,
				B71E7EC326441DAB0040658E /* Info.plist */,
				B71E7EC426441DAB0040658E /* TransmissionX.entitlements */,
				B71E7EC026441DAB0040658E /* Preview Content */,
				B71E7ECB26441F130040658E /* DownloadManager.swift */,
				B763392B26450C3F005ED52E /* Helpers.swift */,
			);
			path = TransmissionX;
			sourceTree = "<group>";
		};
		B71E7EC026441DAB0040658E /* Preview Content */ = {
			isa = PBXGroup;
			children = (
				B71E7EC126441DAB0040658E /* Preview Assets.xcassets */,
			);
			path = "Preview Content";
			sourceTree = "<group>";
		};
/* End PBXGroup section */

/* Begin PBXNativeTarget section */
		B71E7EB626441DA70040658E /* TransmissionX */ = {
			isa = PBXNativeTarget;
			buildConfigurationList = B71E7EC726441DAB0040658E /* Build configuration list for PBXNativeTarget "TransmissionX" */;
			buildPhases = (
				B71E7EB326441DA70040658E /* Sources */,
				B71E7EB426441DA70040658E /* Frameworks */,
				B71E7EB526441DA70040658E /* Resources */,
			);
			buildRules = (
			);
			dependencies = (
			);
			name = TransmissionX;
			productName = TransmissionX;
			productReference = B71E7EB726441DA70040658E /* TransmissionX.app */;
			productType = "com.apple.product-type.application";
		};
/* End PBXNativeTarget section */

/* Begin PBXProject section */
		B71E7EAF26441DA70040658E /* Project object */ = {
			isa = PBXProject;
			attributes = {
				LastSwiftUpdateCheck = 1230;
				LastUpgradeCheck = 1230;
				TargetAttributes = {
					B71E7EB626441DA70040658E = {
						CreatedOnToolsVersion = 12.3;
					};
				};
			};
			buildConfigurationList = B71E7EB226441DA70040658E /* Build configuration list for PBXProject "TransmissionX" */;
			compatibilityVersion = "Xcode 9.3";
			developmentRegion = en;
			hasScannedForEncodings = 0;
			knownRegions = (
				en,
				Base,
			);
			mainGroup = B71E7EAE26441DA70040658E;
			productRefGroup = B71E7EB826441DA70040658E /* Products */;
			projectDirPath = "";
			projectRoot = "";
			targets = (
				B71E7EB626441DA70040658E /* TransmissionX */,
			);
		};
/* End PBXProject section */

/* Begin PBXResourcesBuildPhase section */
		B71E7EB526441DA70040658E /* Resources */ = {
			isa = PBXResourcesBuildPhase;
			buildActionMask = 2147483647;
			files = (
				B71E7EC226441DAB0040658E /* Preview Assets.xcassets in Resources */,
				B71E7EBF26441DAB0040658E /* Assets.xcassets in Resources */,
			);
			runOnlyForDeploymentPostprocessing = 0;
		};
/* End PBXResourcesBuildPhase section */

/* Begin PBXSourcesBuildPhase section */
		B71E7EB326441DA70040658E /* Sources */ = {
			isa = PBXSourcesBuildPhase;
			buildActionMask = 2147483647;
			files = (
				B71E7EBD26441DA70040658E /* ContentView.swift in Sources */,
				B71E7ECC26441F130040658E /* DownloadManager.swift in Sources */,
				B71E7EBB26441DA70040658E /* TransmissionXApp.swift in Sources */,
				B763392C26450C3F005ED52E /* Helpers.swift in Sources */,
			);
			runOnlyForDeploymentPostprocessing = 0;
		};
/* End PBXSourcesBuildPhase section */

/* Begin XCBuildConfiguration section */
		B71E7EC526441DAB0040658E /* Debug */ = {
			isa = XCBuildConfiguration;
			buildSettings = {
				ALWAYS_SEARCH_USER_PATHS = NO;
				CLANG_ANALYZER_NONNULL = YES;
				CLANG_ANALYZER_NUMBER_OBJECT_CONVERSION = YES_AGGRESSIVE;
				CLANG_CXX_LANGUAGE_STANDARD = "gnu++14";
				CLANG_CXX_LIBRARY = "libc++";
				CLANG_ENABLE_MODULES = YES;
				CLANG_ENABLE_OBJC_ARC = YES;
				CLANG_ENABLE_OBJC_WEAK = YES;
				CLANG_WARN_BLOCK_CAPTURE_AUTORELEASING = YES;
				CLANG_WARN_BOOL_CONVERSION = YES;
				CLANG_WARN_COMMA = YES;
				CLANG_WARN_CONSTANT_CONVERSION = YES;
				CLANG_WARN_DEPRECATED_OBJC_IMPLEMENTATIONS = YES;
				CLANG_WARN_DIRECT_OBJC_ISA_USAGE = YES_ERROR;
				CLANG_WARN_DOCUMENTATION_COMMENTS = YES;
				CLANG_WARN_EMPTY_BODY = YES;
				CLANG_WARN_ENUM_CONVERSION = YES;
				CLANG_WARN_INFINITE_RECURSION = YES;
				CLANG_WARN_INT_CONVERSION = YES;
				CLANG_WARN_NON_LITERAL_NULL_CONVERSION = YES;
				CLANG_WARN_OBJC_IMPLICIT_RETAIN_SELF = YES;
				CLANG_WARN_OBJC_LITERAL_CONVERSION = YES;
				CLANG_WARN_OBJC_ROOT_CLASS = YES_ERROR;
				CLANG_WARN_QUOTED_INCLUDE_IN_FRAMEWORK_HEADER = YES;
				CLANG_WARN_RANGE_LOOP_ANALYSIS = YES;
				CLANG_WARN_STRICT_PROTOTYPES = YES;
				CLANG_WARN_SUSPICIOUS_MOVE = YES;
				CLANG_WARN_UNGUARDED_AVAILABILITY = YES_AGGRESSIVE;
				CLANG_WARN_UNREACHABLE_CODE = YES;
				CLANG_WARN__DUPLICATE_METHOD_MATCH = YES;
				COPY_PHASE_STRIP = NO;
				DEBUG_INFORMATION_FORMAT = dwarf;
				ENABLE_STRICT_OBJC_MSGSEND = YES;
				ENABLE_TESTABILITY = YES;
				GCC_C_LANGUAGE_STANDARD = gnu11;
				GCC_DYNAMIC_NO_PIC = NO;
				GCC_NO_COMMON_BLOCKS = YES;
				GCC_OPTIMIZATION_LEVEL = 0;
				GCC_PREPROCESSOR_DEFINITIONS = (
					"DEBUG=1",
					"$(inherited)",
				);
				GCC_WARN_64_TO_32_BIT_CONVERSION = YES;
				GCC_WARN_ABOUT_RETURN_TYPE = YES_ERROR;
				GCC_WARN_UNDECLARED_SELECTOR = YES;
				GCC_WARN_UNINITIALIZED_AUTOS = YES_AGGRESSIVE;
				GCC_WARN_UNUSED_FUNCTION = YES;
				GCC_WARN_UNUSED_VARIABLE = YES;
				MACOSX_DEPLOYMENT_TARGET = 11.1;
				MTL_ENABLE_DEBUG_INFO = INCLUDE_SOURCE;
				MTL_FAST_MATH = YES;
				ONLY_ACTIVE_ARCH = YES;
				SDKROOT = macosx;
				SWIFT_ACTIVE_COMPILATION_CONDITIONS = DEBUG;
				SWIFT_OPTIMIZATION_LEVEL = "-Onone";
			};
			name = Debug;
		};
		B71E7EC626441DAB0040658E /* Release */ = {
			isa = XCBuildConfiguration;
			buildSettings = {
				ALWAYS_SEARCH_USER_PATHS = NO;
				CLANG_ANALYZER_NONNULL = YES;
				CLANG_ANALYZER_NUMBER_OBJECT_CONVERSION = YES_AGGRESSIVE;
				CLANG_CXX_LANGUAGE_STANDARD = "gnu++14";
				CLANG_CXX_LIBRARY = "libc++";
				CLANG_ENABLE_MODULES = YES;
				CLANG_ENABLE_OBJC_ARC = YES;
				CLANG_ENABLE_OBJC_WEAK = YES;
				CLANG_WARN_BLOCK_CAPTURE_AUTORELEASING = YES;
				CLANG_WARN_BOOL_CONVERSION = YES;
				CLANG_WARN_COMMA = YES;
				CLANG_WARN_CONSTANT_CONVERSION = YES;
				CLANG_WARN_DEPRECATED_OBJC_IMPLEMENTATIONS = YES;
				CLANG_WARN_DIRECT_OBJC_ISA_USAGE = YES_ERROR;
				CLANG_WARN_DOCUMENTATION_COMMENTS = YES;
				CLANG_WARN_EMPTY_BODY = YES;
				CLANG_WARN_ENUM_CONVERSION = YES;
				CLANG_WARN_INFINITE_RECURSION = YES;
				CLANG_WARN_INT_CONVERSION = YES;
				CLANG_WARN_NON_LITERAL_NULL_CONVERSION = YES;
				CLANG_WARN_OBJC_IMPLICIT_RETAIN_SELF = YES;
				CLANG_WARN_OBJC_LITERAL_CONVERSION = YES;
				CLANG_WARN_OBJC_ROOT_CLASS = YES_ERROR;
				CLANG_WARN_QUOTED_INCLUDE_IN_FRAMEWORK_HEADER = YES;
				CLANG_WARN_RANGE_LOOP_ANALYSIS = YES;
				CLANG_WARN_STRICT_PROTOTYPES = YES;
				CLANG_WARN_SUSPICIOUS_MOVE = YES;
				CLANG_WARN_UNGUARDED_AVAILABILITY = YES_AGGRESSIVE;
				CLANG_WARN_UNREACHABLE_CODE = YES;
				CLANG_WARN__DUPLICATE_METHOD_MATCH = YES;
				COPY_PHASE_STRIP = NO;
				DEBUG_INFORMATION_FORMAT = "dwarf-with-dsym";
				ENABLE_NS_ASSERTIONS = NO;
				ENABLE_STRICT_OBJC_MSGSEND = YES;
				GCC_C_LANGUAGE_STANDARD = gnu11;
				GCC_NO_COMMON_BLOCKS = YES;
				GCC_WARN_64_TO_32_BIT_CONVERSION = YES;
				GCC_WARN_ABOUT_RETURN_TYPE = YES_ERROR;
				GCC_WARN_UNDECLARED_SELECTOR = YES;
				GCC_WARN_UNINITIALIZED_AUTOS = YES_AGGRESSIVE;
				GCC_WARN_UNUSED_FUNCTION = YES;
				GCC_WARN_UNUSED_VARIABLE = YES;
				MACOSX_DEPLOYMENT_TARGET = 11.1;
				MTL_ENABLE_DEBUG_INFO = NO;
				MTL_FAST_MATH = YES;
				SDKROOT = macosx;
				SWIFT_COMPILATION_MODE = wholemodule;
				SWIFT_OPTIMIZATION_LEVEL = "-O";
			};
			name = Release;
		};
		B71E7EC826441DAB0040658E /* Debug */ = {
			isa = XCBuildConfiguration;
			buildSettings = {
				ASSETCATALOG_COMPILER_APPICON_NAME = AppIcon;
				ASSETCATALOG_COMPILER_GLOBAL_ACCENT_COLOR_NAME = AccentColor;
				CODE_SIGN_ENTITLEMENTS = TransmissionX/TransmissionX.entitlements;
				CODE_SIGN_STYLE = Automatic;
				COMBINE_HIDPI_IMAGES = YES;
				DEVELOPMENT_ASSET_PATHS = "\"TransmissionX/Preview Content\"";
				DEVELOPMENT_TEAM = TR3K2EP48P;
				ENABLE_HARDENED_RUNTIME = YES;
				ENABLE_PREVIEWS = YES;
				INFOPLIST_FILE = TransmissionX/Info.plist;
				LD_RUNPATH_SEARCH_PATHS = (
					"$(inherited)",
					"@executable_path/../Frameworks",
				);
				MACOSX_DEPLOYMENT_TARGET = 11.0;
				PRODUCT_BUNDLE_IDENTIFIER = com.luby.TransmissionX;
				PRODUCT_NAME = "$(TARGET_NAME)";
				SWIFT_VERSION = 5.0;
			};
			name = Debug;
		};
		B71E7EC926441DAB0040658E /* Release */ = {
			isa = XCBuildConfiguration;
			buildSettings = {
				ASSETCATALOG_COMPILER_APPICON_NAME = AppIcon;
				ASSETCATALOG_COMPILER_GLOBAL_ACCENT_COLOR_NAME = AccentColor;
				CODE_SIGN_ENTITLEMENTS = TransmissionX/TransmissionX.entitlements;
				CODE_SIGN_STYLE = Automatic;
				COMBINE_HIDPI_IMAGES = YES;
				DEVELOPMENT_ASSET_PATHS = "\"TransmissionX/Preview Content\"";
				DEVELOPMENT_TEAM = TR3K2EP48P;
				ENABLE_HARDENED_RUNTIME = YES;
				ENABLE_PREVIEWS = YES;
				INFOPLIST_FILE = TransmissionX/Info.plist;
				LD_RUNPATH_SEARCH_PATHS = (
					"$(inherited)",
					"@executable_path/../Frameworks",
				);
				MACOSX_DEPLOYMENT_TARGET = 11.0;
				PRODUCT_BUNDLE_IDENTIFIER = com.luby.TransmissionX;
				PRODUCT_NAME = "$(TARGET_NAME)";
				SWIFT_VERSION = 5.0;
			};
			name = Release;
		};
/* End XCBuildConfiguration section */

/* Begin XCConfigurationList section */
		B71E7EB226441DA70040658E /* Build configuration list for PBXProject "TransmissionX" */ = {
			isa = XCConfigurationList;
			buildConfigurations = (
				B71E7EC526441DAB0040658E /* Debug */,
				B71E7EC626441DAB0040658E /* Release */,
			);
			defaultConfigurationIsVisible = 0;
			defaultConfigurationName = Release;
		};
		B71E7EC726441DAB0040658E /* Build configuration list for PBXNativeTarget "TransmissionX" */ = {
			isa = XCConfigurationList;
			buildConfigurations = (
				B71E7EC826441DAB0040658E /* Debug */,
				B71E7EC926441DAB0040658E /* Release */,
			);
			defaultConfigurationIsVisible = 0;
			defaultConfigurationName = Release;
		};
/* End XCConfigurationList section */
	};
	rootObject = B71E7EAF26441DA70040658E /* Project object */;
}
